<?xml version="1.0" encoding="utf-8"?>
<Project ToolsVersion="4.0" xmlns="http://schemas.microsoft.com/developer/msbuild/2003">
  <ItemGroup>
    <Filter Include="Source Files">
      <UniqueIdentifier>{4FC737F1-C7A5-4376-A066-2A32D752A2FF}</UniqueIdentifier>
      <Extensions>cpp;c;cc;cxx;def;odl;idl;hpj;bat;asm;asmx</Extensions>
    </Filter>
    <Filter Include="Header Files">
      <UniqueIdentifier>{93995380-89BD-4b04-88EB-625FBE52EBFB}</UniqueIdentifier>
      <Extensions>h;hh;hpp;hxx;hm;inl;inc;xsd</Extensions>
    </Filter>
    <Filter Include="Resource Files">
      <UniqueIdentifier>{67DA6AB6-F800-4c08-8B7A-83BB121AAD01}</UniqueIdentifier>
      <Extensions>rc;ico;cur;bmp;dlg;rc2;rct;bin;rgs;gif;jpg;jpeg;jpe;resx;tiff;tif;png;wav;mfcribbon-ms</Extensions>
    </Filter>
  </ItemGroup>
  <ItemGroup>
    <Text Include="ReadMe.txt" />
  </ItemGroup>
  <ItemGroup>
    <ClInclude Include="targetver.h">
      <Filter>Header Files</Filter>
    </ClInclude>
    <ClInclude Include="FileSections.hpp">
      <Filter>Header Files</Filter>
    </ClInclude>
    <ClInclude Include="FlexiTexture.hpp">
      <Filter>Header Files</Filter>
    </ClInclude>
    <ClInclude Include="FlexiTextureRaw.hpp">
      <Filter>Header Files</Filter>
    </ClInclude>
    <ClInclude Include="FlicManager.hpp">
      <Filter>Header Files</Filter>
    </ClInclude>
    <ClInclude Include="FlicRaw.hpp">
      <Filter>Header Files</Filter>
    </ClInclude>
    <ClInclude Include="GuiSkinItem.hpp">
      <Filter>Header Files</Filter>
    </ClInclude>
    <ClInclude Include="GuiSkinItemRaw.hpp">
      <Filter>Header Files</Filter>
    </ClInclude>
    <ClInclude Include="OutputLog.hpp">
      <Filter>Header Files</Filter>
    </ClInclude>
    <ClInclude Include="OvlDataInfoTable.hpp">
      <Filter>Header Files</Filter>
    </ClInclude>
    <ClInclude Include="OvlFile.hpp">
      <Filter>Header Files</Filter>
    </ClInclude>
    <ClInclude Include="OvlIdentifierTable.hpp">
      <Filter>Header Files</Filter>
    </ClInclude>
    <ClInclude Include="OvlImage.hpp">
      <Filter>Header Files</Filter>
    </ClInclude>
    <ClInclude Include="OvlPointerTable.hpp">
      <Filter>Header Files</Filter>
    </ClInclude>
    <ClInclude Include="OvlRaw.hpp">
      <Filter>Header Files</Filter>
    </ClInclude>
    <ClInclude Include="OvlReferenceTable.hpp">
      <Filter>Header Files</Filter>
    </ClInclude>
    <ClInclude Include="OvlStringTable.hpp">
      <Filter>Header Files</Filter>
    </ClInclude>
    <ClInclude Include="Path.hpp">
      <Filter>Header Files</Filter>
    </ClInclude>
    <ClInclude Include="PathRaw.hpp">
      <Filter>Header Files</Filter>
    </ClInclude>
    <ClInclude Include="Queue.hpp">
      <Filter>Header Files</Filter>
    </ClInclude>
    <ClInclude Include="QueueRaw.hpp">
      <Filter>Header Files</Filter>
    </ClInclude>
    <ClInclude Include="stdafx.hpp">
      <Filter>Header Files</Filter>
    </ClInclude>
    <ClInclude Include="StructRef.hpp">
      <Filter>Header Files</Filter>
    </ClInclude>
    <ClInclude Include="StructureCollection.hpp">
      <Filter>Header Files</Filter>
    </ClInclude>
    <ClInclude Include="TextString.hpp">
      <Filter>Header Files</Filter>
    </ClInclude>
    <ClInclude Include="Texture.hpp">
      <Filter>Header Files</Filter>
    </ClInclude>
    <ClInclude Include="TextureRaw.hpp">
      <Filter>Header Files</Filter>
    </ClInclude>
    <ClInclude Include="TextureStyle.hpp">
      <Filter>Header Files</Filter>
    </ClInclude>
    <ClInclude Include="Vertex.hpp">
      <Filter>Header Files</Filter>
    </ClInclude>
    <ClInclude Include="SceneryItemRaw.hpp">
      <Filter>Header Files</Filter>
    </ClInclude>
    <ClInclude Include="SceneryItem.hpp">
      <Filter>Header Files</Filter>
    </ClInclude>
    <ClInclude Include="TexImage.hpp">
      <Filter>Header Files</Filter>
    </ClInclude>
    <ClInclude Include="FtxImage.hpp">
      <Filter>Header Files</Filter>
    </ClInclude>
  </ItemGroup>
  <ItemGroup>
    <ClCompile Include="stdafx.cpp">
      <Filter>Source Files</Filter>
    </ClCompile>
    <ClCompile Include="OvlFile.cpp">
      <Filter>Source Files</Filter>
    </ClCompile>
    <ClCompile Include="OutputLog.cpp">
      <Filter>Source Files</Filter>
    </ClCompile>
    <ClCompile Include="OvlPointerTable.cpp">
      <Filter>Source Files</Filter>
    </ClCompile>
    <ClCompile Include="FileSections.cpp">
      <Filter>Source Files</Filter>
    </ClCompile>
    <ClCompile Include="OvlIdentifierTable.cpp">
      <Filter>Source Files</Filter>
    </ClCompile>
    <ClCompile Include="OvlStringTable.cpp">
      <Filter>Source Files</Filter>
    </ClCompile>
    <ClCompile Include="OvlDataInfoTable.cpp">
      <Filter>Source Files</Filter>
    </ClCompile>
    <ClCompile Include="OvlReferenceTable.cpp">
      <Filter>Source Files</Filter>
    </ClCompile>
    <ClCompile Include="TextString.cpp">
      <Filter>Source Files</Filter>
    </ClCompile>
    <ClCompile Include="Path.cpp">
      <Filter>Source Files</Filter>
    </ClCompile>
    <ClCompile Include="OvlImage.cpp">
      <Filter>Source Files</Filter>
    </ClCompile>
    <ClCompile Include="FlexiTexture.cpp">
      <Filter>Source Files</Filter>
    </ClCompile>
    <ClCompile Include="TextureStyle.cpp">
      <Filter>Source Files</Filter>
    </ClCompile>
    <ClCompile Include="GuiSkinItem.cpp">
      <Filter>Source Files</Filter>
    </ClCompile>
    <ClCompile Include="SceneryItem.cpp">
      <Filter>Source Files</Filter>
    </ClCompile>
    <ClCompile Include="Texture.cpp">
      <Filter>Source Files</Filter>
    </ClCompile>
    <ClCompile Include="FlicManager.cpp">
      <Filter>Source Files</Filter>
    </ClCompile>
    <ClCompile Include="Queue.cpp">
      <Filter>Source Files</Filter>
    </ClCompile>
    <ClCompile Include="TexImage.cpp">
      <Filter>Source Files</Filter>
    </ClCompile>
    <ClCompile Include="FtxImage.cpp">
      <Filter>Source Files</Filter>
    </ClCompile>
  </ItemGroup>
</Project>